
Microsoft Visual Studio Solution File, Format Version 12.00
# Visual Studio Version 17
VisualStudioVersion = 17.12.35527.113
MinimumVisualStudioVersion = 10.0.40219.1
Project("{2150E333-8FDC-42A3-9474-1A3956D46DE8}") = "Services", "Services", "{9D1AF4FA-ED70-4B90-BADA-15BC4D1D3C00}"
EndProject
Project("{2150E333-8FDC-42A3-9474-1A3956D46DE8}") = "Catalog", "Catalog", "{1854CAB0-63EF-480B-978F-623A1431C0B7}"
EndProject
Project("{FAE04EC0-301F-11D3-BF4B-00C04F79EFBC}") = "Catalog.API", "Services\Catalog\Catalog.API\Catalog.API.csproj", "{2F0BC475-3380-4FF7-A4AF-A3E1BC7A7109}"
EndProject
Project("{2150E333-8FDC-42A3-9474-1A3956D46DE8}") = "BuildingBlocks", "BuildingBlocks", "{02EA681E-C7D8-13C7-8484-4AC65E1B71E8}"
EndProject
Project("{FAE04EC0-301F-11D3-BF4B-00C04F79EFBC}") = "BuildingBlocks", "BuildingBlocks\BuildingBlocks\BuildingBlocks.csproj", "{205A4323-2D44-4D72-B314-1062AB7C86DC}"
EndProject
Project("{E53339B2-1760-4266-BCC7-CA923CBCF16C}") = "docker-compose", "docker-compose.dcproj", "{81DDED9D-158B-E303-5F62-77A2896D2A5A}"
EndProject
Project("{2150E333-8FDC-42A3-9474-1A3956D46DE8}") = "Basket", "Basket", "{765CD6A4-F6CB-4598-9C5A-BC78D7236871}"
EndProject
Project("{FAE04EC0-301F-11D3-BF4B-00C04F79EFBC}") = "Basket.API", "Services\Basket\Basket.API\Basket.API.csproj", "{961BF63E-BC9D-4342-9DCD-B55F25F30334}"
EndProject
Project("{2150E333-8FDC-42A3-9474-1A3956D46DE8}") = "Discount", "Discount", "{44979CBC-37E0-4844-ABB5-A23D0B2D5205}"
EndProject
Project("{FAE04EC0-301F-11D3-BF4B-00C04F79EFBC}") = "Discount.Grpc", "Services\Discount\Discount.Grpc\Discount.Grpc.csproj", "{B4CDFA04-FB8A-4327-8748-CEEA6E20380A}"
EndProject
Project("{2150E333-8FDC-42A3-9474-1A3956D46DE8}") = "Ordering", "Ordering", "{8F5C177B-0E72-44E9-BA64-2C7CE439193B}"
EndProject
Project("{FAE04EC0-301F-11D3-BF4B-00C04F79EFBC}") = "Ordering.API", "Services\Ordering\Ordering.API\Ordering.API.csproj", "{3A0A16A1-116A-448C-A0C0-875CD6F8C082}"
EndProject
Project("{FAE04EC0-301F-11D3-BF4B-00C04F79EFBC}") = "Ordering.Application", "Services\Ordering\Ordering.Application\Ordering.Application.csproj", "{D151A4B2-152E-43EE-91CF-B4DCACFEA15C}"
EndProject
Project("{FAE04EC0-301F-11D3-BF4B-00C04F79EFBC}") = "Ordering.Domain", "Services\Ordering\Ordering.Domain\Ordering.Domain.csproj", "{94C105EC-119B-44E8-AABC-9AD546AF8451}"
EndProject
Project("{FAE04EC0-301F-11D3-BF4B-00C04F79EFBC}") = "Ordering.Infrastructure", "Services\Ordering\Ordering.Infrastructure\Ordering.Infrastructure.csproj", "{582D04E2-2CF8-4E03-8A04-DC33C039AAD5}"
EndProject
Project("{FAE04EC0-301F-11D3-BF4B-00C04F79EFBC}") = "BuildingBlocks.Messaging", "BuildingBlocks\BuildingBlocks.Messaging\BuildingBlocks.Messaging.csproj", "{78918620-DA45-49C3-B5D3-241FB25444E7}"
EndProject
Project("{2150E333-8FDC-42A3-9474-1A3956D46DE8}") = "ApiGateways", "ApiGateways", "{EEACBC90-008C-4B03-B08A-C1135ED2A8B4}"
EndProject
Project("{FAE04EC0-301F-11D3-BF4B-00C04F79EFBC}") = "YarpApiGateway", "ApiGateways\YarpApiGateway\YarpApiGateway.csproj", "{D3E4D1D5-5DFE-4AFF-A9BA-CF31C5726E98}"
EndProject
Global
	GlobalSection(SolutionConfigurationPlatforms) = preSolution
		Debug|Any CPU = Debug|Any CPU
		Release|Any CPU = Release|Any CPU
	EndGlobalSection
	GlobalSection(ProjectConfigurationPlatforms) = postSolution
		{2F0BC475-3380-4FF7-A4AF-A3E1BC7A7109}.Debug|Any CPU.ActiveCfg = Debug|Any CPU
		{2F0BC475-3380-4FF7-A4AF-A3E1BC7A7109}.Debug|Any CPU.Build.0 = Debug|Any CPU
		{2F0BC475-3380-4FF7-A4AF-A3E1BC7A7109}.Release|Any CPU.ActiveCfg = Release|Any CPU
		{2F0BC475-3380-4FF7-A4AF-A3E1BC7A7109}.Release|Any CPU.Build.0 = Release|Any CPU
		{205A4323-2D44-4D72-B314-1062AB7C86DC}.Debug|Any CPU.ActiveCfg = Debug|Any CPU
		{205A4323-2D44-4D72-B314-1062AB7C86DC}.Debug|Any CPU.Build.0 = Debug|Any CPU
		{205A4323-2D44-4D72-B314-1062AB7C86DC}.Release|Any CPU.ActiveCfg = Release|Any CPU
		{205A4323-2D44-4D72-B314-1062AB7C86DC}.Release|Any CPU.Build.0 = Release|Any CPU
		{81DDED9D-158B-E303-5F62-77A2896D2A5A}.Debug|Any CPU.ActiveCfg = Debug|Any CPU
		{81DDED9D-158B-E303-5F62-77A2896D2A5A}.Debug|Any CPU.Build.0 = Debug|Any CPU
		{81DDED9D-158B-E303-5F62-77A2896D2A5A}.Release|Any CPU.ActiveCfg = Release|Any CPU
		{81DDED9D-158B-E303-5F62-77A2896D2A5A}.Release|Any CPU.Build.0 = Release|Any CPU
		{961BF63E-BC9D-4342-9DCD-B55F25F30334}.Debug|Any CPU.ActiveCfg = Debug|Any CPU
		{961BF63E-BC9D-4342-9DCD-B55F25F30334}.Debug|Any CPU.Build.0 = Debug|Any CPU
		{961BF63E-BC9D-4342-9DCD-B55F25F30334}.Release|Any CPU.ActiveCfg = Release|Any CPU
		{961BF63E-BC9D-4342-9DCD-B55F25F30334}.Release|Any CPU.Build.0 = Release|Any CPU
		{B4CDFA04-FB8A-4327-8748-CEEA6E20380A}.Debug|Any CPU.ActiveCfg = Debug|Any CPU
		{B4CDFA04-FB8A-4327-8748-CEEA6E20380A}.Debug|Any CPU.Build.0 = Debug|Any CPU
		{B4CDFA04-FB8A-4327-8748-CEEA6E20380A}.Release|Any CPU.ActiveCfg = Release|Any CPU
		{B4CDFA04-FB8A-4327-8748-CEEA6E20380A}.Release|Any CPU.Build.0 = Release|Any CPU
		{3A0A16A1-116A-448C-A0C0-875CD6F8C082}.Debug|Any CPU.ActiveCfg = Debug|Any CPU
		{3A0A16A1-116A-448C-A0C0-875CD6F8C082}.Debug|Any CPU.Build.0 = Debug|Any CPU
		{3A0A16A1-116A-448C-A0C0-875CD6F8C082}.Release|Any CPU.ActiveCfg = Release|Any CPU
		{3A0A16A1-116A-448C-A0C0-875CD6F8C082}.Release|Any CPU.Build.0 = Release|Any CPU
		{D151A4B2-152E-43EE-91CF-B4DCACFEA15C}.Debug|Any CPU.ActiveCfg = Debug|Any CPU
		{D151A4B2-152E-43EE-91CF-B4DCACFEA15C}.Debug|Any CPU.Build.0 = Debug|Any CPU
		{D151A4B2-152E-43EE-91CF-B4DCACFEA15C}.Release|Any CPU.ActiveCfg = Release|Any CPU
		{D151A4B2-152E-43EE-91CF-B4DCACFEA15C}.Release|Any CPU.Build.0 = Release|Any CPU
		{94C105EC-119B-44E8-AABC-9AD546AF8451}.Debug|Any CPU.ActiveCfg = Debug|Any CPU
		{94C105EC-119B-44E8-AABC-9AD546AF8451}.Debug|Any CPU.Build.0 = Debug|Any CPU
		{94C105EC-119B-44E8-AABC-9AD546AF8451}.Release|Any CPU.ActiveCfg = Release|Any CPU
		{94C105EC-119B-44E8-AABC-9AD546AF8451}.Release|Any CPU.Build.0 = Release|Any CPU
		{582D04E2-2CF8-4E03-8A04-DC33C039AAD5}.Debug|Any CPU.ActiveCfg = Debug|Any CPU
		{582D04E2-2CF8-4E03-8A04-DC33C039AAD5}.Debug|Any CPU.Build.0 = Debug|Any CPU
		{582D04E2-2CF8-4E03-8A04-DC33C039AAD5}.Release|Any CPU.ActiveCfg = Release|Any CPU
		{582D04E2-2CF8-4E03-8A04-DC33C039AAD5}.Release|Any CPU.Build.0 = Release|Any CPU
		{78918620-DA45-49C3-B5D3-241FB25444E7}.Debug|Any CPU.ActiveCfg = Debug|Any CPU
		{78918620-DA45-49C3-B5D3-241FB25444E7}.Debug|Any CPU.Build.0 = Debug|Any CPU
		{78918620-DA45-49C3-B5D3-241FB25444E7}.Release|Any CPU.ActiveCfg = Release|Any CPU
		{78918620-DA45-49C3-B5D3-241FB25444E7}.Release|Any CPU.Build.0 = Release|Any CPU
		{D3E4D1D5-5DFE-4AFF-A9BA-CF31C5726E98}.Debug|Any CPU.ActiveCfg = Debug|Any CPU
		{D3E4D1D5-5DFE-4AFF-A9BA-CF31C5726E98}.Debug|Any CPU.Build.0 = Debug|Any CPU
		{D3E4D1D5-5DFE-4AFF-A9BA-CF31C5726E98}.Release|Any CPU.ActiveCfg = Release|Any CPU
		{D3E4D1D5-5DFE-4AFF-A9BA-CF31C5726E98}.Release|Any CPU.Build.0 = Release|Any CPU
	EndGlobalSection
	GlobalSection(SolutionProperties) = preSolution
		HideSolutionNode = FALSE
	EndGlobalSection
	GlobalSection(NestedProjects) = preSolution
		{1854CAB0-63EF-480B-978F-623A1431C0B7} = {9D1AF4FA-ED70-4B90-BADA-15BC4D1D3C00}
		{2F0BC475-3380-4FF7-A4AF-A3E1BC7A7109} = {1854CAB0-63EF-480B-978F-623A1431C0B7}
		{205A4323-2D44-4D72-B314-1062AB7C86DC} = {02EA681E-C7D8-13C7-8484-4AC65E1B71E8}
		{765CD6A4-F6CB-4598-9C5A-BC78D7236871} = {9D1AF4FA-ED70-4B90-BADA-15BC4D1D3C00}
		{961BF63E-BC9D-4342-9DCD-B55F25F30334} = {765CD6A4-F6CB-4598-9C5A-BC78D7236871}
		{44979CBC-37E0-4844-ABB5-A23D0B2D5205} = {9D1AF4FA-ED70-4B90-BADA-15BC4D1D3C00}
		{B4CDFA04-FB8A-4327-8748-CEEA6E20380A} = {44979CBC-37E0-4844-ABB5-A23D0B2D5205}
		{8F5C177B-0E72-44E9-BA64-2C7CE439193B} = {9D1AF4FA-ED70-4B90-BADA-15BC4D1D3C00}
		{3A0A16A1-116A-448C-A0C0-875CD6F8C082} = {8F5C177B-0E72-44E9-BA64-2C7CE439193B}
		{D151A4B2-152E-43EE-91CF-B4DCACFEA15C} = {8F5C177B-0E72-44E9-BA64-2C7CE439193B}
		{94C105EC-119B-44E8-AABC-9AD546AF8451} = {8F5C177B-0E72-44E9-BA64-2C7CE439193B}
		{582D04E2-2CF8-4E03-8A04-DC33C039AAD5} = {8F5C177B-0E72-44E9-BA64-2C7CE439193B}
		{78918620-DA45-49C3-B5D3-241FB25444E7} = {02EA681E-C7D8-13C7-8484-4AC65E1B71E8}
		{D3E4D1D5-5DFE-4AFF-A9BA-CF31C5726E98} = {EEACBC90-008C-4B03-B08A-C1135ED2A8B4}
	EndGlobalSection
	GlobalSection(ExtensibilityGlobals) = postSolution
		SolutionGuid = {AFC3C079-2307-4164-9B8E-52A29269AFC6}
	EndGlobalSection
EndGlobal
